{
  "name": "strapi-provider-upload-s3",
  "version": "1.0.0",
  "lockfileVersion": 1,
  "requires": true,
  "dependencies": {
    "@aws-sdk/middleware-logger": {
      "version": "3.5.0",
      "resolved": "https://registry.npmjs.org/@aws-sdk/middleware-logger/-/middleware-logger-3.5.0.tgz",
      "integrity": "sha512-c2LqiWHZpT1ks4uGwvDaZ0z31Js9yQANnj67lK3B9P9JLYyxSbCZ6vp5l7tdhufitZKK6z0LjXSiKfD7qmBIbw==",
      "requires": {
        "@aws-sdk/types": "3.4.1",
        "tslib": "^1.8.0"
      }
    },
    "@aws-sdk/types": {
      "version": "3.4.1",
      "resolved": "https://registry.npmjs.org/@aws-sdk/types/-/types-3.4.1.tgz",
      "integrity": "sha512-HqDPRdMzseVD4I/8Bb8TBAzg2X0U7oDiPfvYcvZt8fpVO2SwBOiLMh9tiEnRin48uRBbQMAw8D8wmCpyU78Dvg=="
    },
    "lodash": {
      "version": "4.17.20",
      "resolved": "https://registry.npmjs.org/lodash/-/lodash-4.17.20.tgz",
      "integrity": "sha512-PlhdFcillOINfeV7Ni6oF1TAEayyZBoZ8bcshTHqOYJYlrqzRK5hagpagky5o4HfCzzd1TRkXPMFq6cKk9rGmA=="
    },
    "tslib": {
      "version": "1.14.1",
      "resolved": "https://registry.npmjs.org/tslib/-/tslib-1.14.1.tgz",
      "integrity": "sha512-Xni35NKzjgMrwevysHTCArtLDpPvye8zV/0E4EyYn43P7/7qvQwPh9BGkHewbMulVntbigmcT7rdX3BNo9wRJg=="
    }
  }
}
